
Microsoft Visual Studio Solution File, Format Version 12.00
# Visual Studio Version 16
VisualStudioVersion = 16.0.30413.136
MinimumVisualStudioVersion = 10.0.40219.1
Project("{FAE04EC0-301F-11D3-BF4B-00C04F79EFBC}") = "EratosthenesSieve", "EratosthenesSieve\EratosthenesSieve.csproj", "{F00B967E-07AC-44BB-92AC-E52922A46281}"
EndProject
Global
	GlobalSection(SolutionConfigurationPlatforms) = preSolution
		Debug|Any CPU = Debug|Any CPU
		Release|Any CPU = Release|Any CPU
	EndGlobalSection
	GlobalSection(ProjectConfigurationPlatforms) = postSolution
		{F00B967E-07AC-44BB-92AC-E52922A46281}.Debug|Any CPU.ActiveCfg = Debug|Any CPU
		{F00B967E-07AC-44BB-92AC-E52922A46281}.Debug|Any CPU.Build.0 = Debug|Any CPU
		{F00B967E-07AC-44BB-92AC-E52922A46281}.Release|Any CPU.ActiveCfg = Release|Any CPU
		{F00B967E-07AC-44BB-92AC-E52922A46281}.Release|Any CPU.Build.0 = Release|Any CPU
	EndGlobalSection
	GlobalSection(SolutionProperties) = preSolution
		HideSolutionNode = FALSE
	EndGlobalSection
	GlobalSection(ExtensibilityGlobals) = postSolution
		SolutionGuid = {258213F5-F6C4-4CCA-A5B9-C80E57F00B67}
	EndGlobalSection
EndGlobal
