
Microsoft Visual Studio Solution File, Format Version 12.00
# Visual Studio Version 16
VisualStudioVersion = 16.0.30413.136
MinimumVisualStudioVersion = 10.0.40219.1
Project("{9A19103F-16F7-4668-BE54-9A1E7A4F7556}") = "BKP_Task_01", "BKP_Task_01\BKP_Task_01.csproj", "{0CEA0309-FD5D-4649-9FC3-8240D9CC08FC}"
EndProject
Project("{9A19103F-16F7-4668-BE54-9A1E7A4F7556}") = "BKP_Task_02", "BKP_Task_02\BKP_Task_02.csproj", "{9DF9FB3E-95B4-4CC2-BFE4-A2AF948ED935}"
EndProject
Project("{9A19103F-16F7-4668-BE54-9A1E7A4F7556}") = "BKP_Task_03", "BKP_Task_03\BKP_Task_03.csproj", "{135CCB5D-C13C-44C8-AFD9-41A8DF023025}"
EndProject
Project("{9A19103F-16F7-4668-BE54-9A1E7A4F7556}") = "BKP_Task_04", "BKP_Task_04\BKP_Task_04.csproj", "{FE7D0531-7623-447F-9469-41FFD83D954B}"
EndProject
Project("{9A19103F-16F7-4668-BE54-9A1E7A4F7556}") = "BKP_Task_05", "BKP_Task_05\BKP_Task_05.csproj", "{7F388711-0632-4398-A664-B8354F98DFF8}"
EndProject
Project("{9A19103F-16F7-4668-BE54-9A1E7A4F7556}") = "BKP_Task_06", "BKP_Task_06\BKP_Task_06.csproj", "{B80A5EC9-8AFE-4614-B60B-7B2DF3AB7982}"
EndProject
Project("{FAE04EC0-301F-11D3-BF4B-00C04F79EFBC}") = "BKP_Task_07", "BKP_Task_07\BKP_Task_07.csproj", "{5668FAD6-7F6E-4905-ABF5-64AC7702B58A}"
EndProject
Global
	GlobalSection(SolutionConfigurationPlatforms) = preSolution
		Debug|Any CPU = Debug|Any CPU
		Release|Any CPU = Release|Any CPU
	EndGlobalSection
	GlobalSection(ProjectConfigurationPlatforms) = postSolution
		{0CEA0309-FD5D-4649-9FC3-8240D9CC08FC}.Debug|Any CPU.ActiveCfg = Debug|Any CPU
		{0CEA0309-FD5D-4649-9FC3-8240D9CC08FC}.Debug|Any CPU.Build.0 = Debug|Any CPU
		{0CEA0309-FD5D-4649-9FC3-8240D9CC08FC}.Release|Any CPU.ActiveCfg = Release|Any CPU
		{0CEA0309-FD5D-4649-9FC3-8240D9CC08FC}.Release|Any CPU.Build.0 = Release|Any CPU
		{9DF9FB3E-95B4-4CC2-BFE4-A2AF948ED935}.Debug|Any CPU.ActiveCfg = Debug|Any CPU
		{9DF9FB3E-95B4-4CC2-BFE4-A2AF948ED935}.Debug|Any CPU.Build.0 = Debug|Any CPU
		{9DF9FB3E-95B4-4CC2-BFE4-A2AF948ED935}.Release|Any CPU.ActiveCfg = Release|Any CPU
		{9DF9FB3E-95B4-4CC2-BFE4-A2AF948ED935}.Release|Any CPU.Build.0 = Release|Any CPU
		{135CCB5D-C13C-44C8-AFD9-41A8DF023025}.Debug|Any CPU.ActiveCfg = Debug|Any CPU
		{135CCB5D-C13C-44C8-AFD9-41A8DF023025}.Debug|Any CPU.Build.0 = Debug|Any CPU
		{135CCB5D-C13C-44C8-AFD9-41A8DF023025}.Release|Any CPU.ActiveCfg = Release|Any CPU
		{135CCB5D-C13C-44C8-AFD9-41A8DF023025}.Release|Any CPU.Build.0 = Release|Any CPU
		{FE7D0531-7623-447F-9469-41FFD83D954B}.Debug|Any CPU.ActiveCfg = Debug|Any CPU
		{FE7D0531-7623-447F-9469-41FFD83D954B}.Debug|Any CPU.Build.0 = Debug|Any CPU
		{FE7D0531-7623-447F-9469-41FFD83D954B}.Release|Any CPU.ActiveCfg = Release|Any CPU
		{FE7D0531-7623-447F-9469-41FFD83D954B}.Release|Any CPU.Build.0 = Release|Any CPU
		{7F388711-0632-4398-A664-B8354F98DFF8}.Debug|Any CPU.ActiveCfg = Debug|Any CPU
		{7F388711-0632-4398-A664-B8354F98DFF8}.Debug|Any CPU.Build.0 = Debug|Any CPU
		{7F388711-0632-4398-A664-B8354F98DFF8}.Release|Any CPU.ActiveCfg = Release|Any CPU
		{7F388711-0632-4398-A664-B8354F98DFF8}.Release|Any CPU.Build.0 = Release|Any CPU
		{B80A5EC9-8AFE-4614-B60B-7B2DF3AB7982}.Debug|Any CPU.ActiveCfg = Debug|Any CPU
		{B80A5EC9-8AFE-4614-B60B-7B2DF3AB7982}.Debug|Any CPU.Build.0 = Debug|Any CPU
		{B80A5EC9-8AFE-4614-B60B-7B2DF3AB7982}.Release|Any CPU.ActiveCfg = Release|Any CPU
		{B80A5EC9-8AFE-4614-B60B-7B2DF3AB7982}.Release|Any CPU.Build.0 = Release|Any CPU
		{5668FAD6-7F6E-4905-ABF5-64AC7702B58A}.Debug|Any CPU.ActiveCfg = Debug|Any CPU
		{5668FAD6-7F6E-4905-ABF5-64AC7702B58A}.Debug|Any CPU.Build.0 = Debug|Any CPU
		{5668FAD6-7F6E-4905-ABF5-64AC7702B58A}.Release|Any CPU.ActiveCfg = Release|Any CPU
		{5668FAD6-7F6E-4905-ABF5-64AC7702B58A}.Release|Any CPU.Build.0 = Release|Any CPU
	EndGlobalSection
	GlobalSection(SolutionProperties) = preSolution
		HideSolutionNode = FALSE
	EndGlobalSection
	GlobalSection(ExtensibilityGlobals) = postSolution
		SolutionGuid = {8DE76CFB-9789-49DB-BDE9-014DEB596BA7}
	EndGlobalSection
EndGlobal
